// !$*UTF8*$!
{
	archiveVersion = 1;
	classes = {
	};
	objectVersion = 46;
	objects = {

/* Begin PBXBuildFile section */
		C5F26D851F32ACDB00FE0A55 /* AppDelegate.swift in Sources */ = {isa = PBXBuildFile; fileRef = C5F26D841F32ACDB00FE0A55 /* AppDelegate.swift */; };
		C5F26D871F32ACDB00FE0A55 /* ViewController.swift in Sources */ = {isa = PBXBuildFile; fileRef = C5F26D861F32ACDB00FE0A55 /* ViewController.swift */; };
		C5F26D8A1F32ACDB00FE0A55 /* Main.storyboard in Resources */ = {isa = PBXBuildFile; fileRef = C5F26D881F32ACDB00FE0A55 /* Main.storyboard */; };
		C5F26D8D1F32ACDB00FE0A55 /* UIPractice2.xcdatamodeld in Sources */ = {isa = PBXBuildFile; fileRef = C5F26D8B1F32ACDB00FE0A55 /* UIPractice2.xcdatamodeld */; };
		C5F26D8F1F32ACDB00FE0A55 /* Assets.xcassets in Resources */ = {isa = PBXBuildFile; fileRef = C5F26D8E1F32ACDB00FE0A55 /* Assets.xcassets */; };
		C5F26D921F32ACDB00FE0A55 /* LaunchScreen.storyboard in Resources */ = {isa = PBXBuildFile; fileRef = C5F26D901F32ACDB00FE0A55 /* LaunchScreen.storyboard */; };
/* End PBXBuildFile section */

/* Begin PBXFileReference section */
		C5F26D811F32ACDB00FE0A55 /* UIPractice2.app */ = {isa = PBXFileReference; explicitFileType = wrapper.application; includeInIndex = 0; path = UIPractice2.app; sourceTree = BUILT_PRODUCTS_DIR; };
		C5F26D841F32ACDB00FE0A55 /* AppDelegate.swift */ = {isa = PBXFileReference; lastKnownFileType = sourcecode.swift; path = AppDelegate.swift; sourceTree = "<group>"; };
		C5F26D861F32ACDB00FE0A55 /* ViewController.swift */ = {isa = PBXFileReference; lastKnownFileType = sourcecode.swift; path = ViewController.swift; sourceTree = "<group>"; };
		C5F26D891F32ACDB00FE0A55 /* Base */ = {isa = PBXFileReference; lastKnownFileType = file.storyboard; name = Base; path = Base.lproj/Main.storyboard; sourceTree = "<group>"; };
		C5F26D8C1F32ACDB00FE0A55 /* UIPractice2.xcdatamodel */ = {isa = PBXFileReference; lastKnownFileType = wrapper.xcdatamodel; path = UIPractice2.xcdatamodel; sourceTree = "<group>"; };
		C5F26D8E1F32ACDB00FE0A55 /* Assets.xcassets */ = {isa = PBXFileReference; lastKnownFileType = folder.assetcatalog; path = Assets.xcassets; sourceTree = "<group>"; };
		C5F26D911F32ACDB00FE0A55 /* Base */ = {isa = PBXFileReference; lastKnownFileType = file.storyboard; name = Base; path = Base.lproj/LaunchScreen.storyboard; sourceTree = "<group>"; };
		C5F26D931F32ACDB00FE0A55 /* Info.plist */ = {isa = PBXFileReference; lastKnownFileType = text.plist.xml; path = Info.plist; sourceTree = "<group>"; };
/* End PBXFileReference section */

/* Begin PBXFrameworksBuildPhase section */
		C5F26D7E1F32ACDB00FE0A55 /* Frameworks */ = {
			isa = PBXFrameworksBuildPhase;
			buildActionMask = 2147483647;
			files = (
			);
			runOnlyForDeploymentPostprocessing = 0;
		};
/* End PBXFrameworksBuildPhase section */

/* Begin PBXGroup section */
		C5F26D781F32ACDA00FE0A55 = {
			isa = PBXGroup;
			children = (
				C5F26D831F32ACDB00FE0A55 /* UIPractice2 */,
				C5F26D821F32ACDB00FE0A55 /* Products */,
			);
			sourceTree = "<group>";
		};
		C5F26D821F32ACDB00FE0A55 /* Products */ = {
			isa = PBXGroup;
			children = (
				C5F26D811F32ACDB00FE0A55 /* UIPractice2.app */,
			);
			name = Products;
			sourceTree = "<group>";
		};
		C5F26D831F32ACDB00FE0A55 /* UIPractice2 */ = {
			isa = PBXGroup;
			children = (
				C5F26D841F32ACDB00FE0A55 /* AppDelegate.swift */,
				C5F26D861F32ACDB00FE0A55 /* ViewController.swift */,
				C5F26D881F32ACDB00FE0A55 /* Main.storyboard */,
				C5F26D8E1F32ACDB00FE0A55 /* Assets.xcassets */,
				C5F26D901F32ACDB00FE0A55 /* LaunchScreen.storyboard */,
				C5F26D931F32ACDB00FE0A55 /* Info.plist */,
				C5F26D8B1F32ACDB00FE0A55 /* UIPractice2.xcdatamodeld */,
			);
			path = UIPractice2;
			sourceTree = "<group>";
		};
/* End PBXGroup section */

/* Begin PBXNativeTarget section */
		C5F26D801F32ACDB00FE0A55 /* UIPractice2 */ = {
			isa = PBXNativeTarget;
			buildConfigurationList = C5F26D961F32ACDB00FE0A55 /* Build configuration list for PBXNativeTarget "UIPractice2" */;
			buildPhases = (
				C5F26D7D1F32ACDB00FE0A55 /* Sources */,
				C5F26D7E1F32ACDB00FE0A55 /* Frameworks */,
				C5F26D7F1F32ACDB00FE0A55 /* Resources */,
			);
			buildRules = (
			);
			dependencies = (
			);
			name = UIPractice2;
			productName = UIPractice2;
			productReference = C5F26D811F32ACDB00FE0A55 /* UIPractice2.app */;
			productType = "com.apple.product-type.application";
		};
/* End PBXNativeTarget section */

/* Begin PBXProject section */
		C5F26D791F32ACDA00FE0A55 /* Project object */ = {
			isa = PBXProject;
			attributes = {
				LastSwiftUpdateCheck = 0830;
				LastUpgradeCheck = 0830;
				ORGANIZATIONNAME = "Wei-Tsung Cheng";
				TargetAttributes = {
					C5F26D801F32ACDB00FE0A55 = {
						CreatedOnToolsVersion = 8.3.3;
						ProvisioningStyle = Automatic;
					};
				};
			};
			buildConfigurationList = C5F26D7C1F32ACDA00FE0A55 /* Build configuration list for PBXProject "UIPractice2" */;
			compatibilityVersion = "Xcode 3.2";
			developmentRegion = English;
			hasScannedForEncodings = 0;
			knownRegions = (
				en,
				Base,
			);
			mainGroup = C5F26D781F32ACDA00FE0A55;
			productRefGroup = C5F26D821F32ACDB00FE0A55 /* Products */;
			projectDirPath = "";
			projectRoot = "";
			targets = (
				C5F26D801F32ACDB00FE0A55 /* UIPractice2 */,
			);
		};
/* End PBXProject section */

/* Begin PBXResourcesBuildPhase section */
		C5F26D7F1F32ACDB00FE0A55 /* Resources */ = {
			isa = PBXResourcesBuildPhase;
			buildActionMask = 2147483647;
			files = (
				C5F26D921F32ACDB00FE0A55 /* LaunchScreen.storyboard in Resources */,
				C5F26D8F1F32ACDB00FE0A55 /* Assets.xcassets in Resources */,
				C5F26D8A1F32ACDB00FE0A55 /* Main.storyboard in Resources */,
			);
			runOnlyForDeploymentPostprocessing = 0;
		};
/* End PBXResourcesBuildPhase section */

/* Begin PBXSourcesBuildPhase section */
		C5F26D7D1F32ACDB00FE0A55 /* Sources */ = {
			isa = PBXSourcesBuildPhase;
			buildActionMask = 2147483647;
			files = (
				C5F26D871F32ACDB00FE0A55 /* ViewController.swift in Sources */,
				C5F26D851F32ACDB00FE0A55 /* AppDelegate.swift in Sources */,
				C5F26D8D1F32ACDB00FE0A55 /* UIPractice2.xcdatamodeld in Sources */,
			);
			runOnlyForDeploymentPostprocessing = 0;
		};
/* End PBXSourcesBuildPhase section */

/* Begin PBXVariantGroup section */
		C5F26D881F32ACDB00FE0A55 /* Main.storyboard */ = {
			isa = PBXVariantGroup;
			children = (
				C5F26D891F32ACDB00FE0A55 /* Base */,
			);
			name = Main.storyboard;
			sourceTree = "<group>";
		};
		C5F26D901F32ACDB00FE0A55 /* LaunchScreen.storyboard */ = {
			isa = PBXVariantGroup;
			children = (
				C5F26D911F32ACDB00FE0A55 /* Base */,
			);
			name = LaunchScreen.storyboard;
			sourceTree = "<group>";
		};
/* End PBXVariantGroup section */

/* Begin XCBuildConfiguration section */
		C5F26D941F32ACDB00FE0A55 /* Debug */ = {
			isa = XCBuildConfiguration;
			buildSettings = {
				ALWAYS_SEARCH_USER_PATHS = NO;
				CLANG_ANALYZER_NONNULL = YES;
				CLANG_ANALYZER_NUMBER_OBJECT_CONVERSION = YES_AGGRESSIVE;
				CLANG_CXX_LANGUAGE_STANDARD = "gnu++0x";
				CLANG_CXX_LIBRARY = "libc++";
				CLANG_ENABLE_MODULES = YES;
				CLANG_ENABLE_OBJC_ARC = YES;
				CLANG_WARN_BOOL_CONVERSION = YES;
				CLANG_WARN_CONSTANT_CONVERSION = YES;
				CLANG_WARN_DIRECT_OBJC_ISA_USAGE = YES_ERROR;
				CLANG_WARN_DOCUMENTATION_COMMENTS = YES;
				CLANG_WARN_EMPTY_BODY = YES;
				CLANG_WARN_ENUM_CONVERSION = YES;
				CLANG_WARN_INFINITE_RECURSION = YES;
				CLANG_WARN_INT_CONVERSION = YES;
				CLANG_WARN_OBJC_ROOT_CLASS = YES_ERROR;
				CLANG_WARN_SUSPICIOUS_MOVE = YES;
				CLANG_WARN_UNREACHABLE_CODE = YES;
				CLANG_WARN__DUPLICATE_METHOD_MATCH = YES;
				"CODE_SIGN_IDENTITY[sdk=iphoneos*]" = "iPhone Developer";
				COPY_PHASE_STRIP = NO;
				DEBUG_INFORMATION_FORMAT = dwarf;
				ENABLE_STRICT_OBJC_MSGSEND = YES;
				ENABLE_TESTABILITY = YES;
				GCC_C_LANGUAGE_STANDARD = gnu99;
				GCC_DYNAMIC_NO_PIC = NO;
				GCC_NO_COMMON_BLOCKS = YES;
				GCC_OPTIMIZATION_LEVEL = 0;
				GCC_PREPROCESSOR_DEFINITIONS = (
					"DEBUG=1",
					"$(inherited)",
				);
				GCC_WARN_64_TO_32_BIT_CONVERSION = YES;
				GCC_WARN_ABOUT_RETURN_TYPE = YES_ERROR;
				GCC_WARN_UNDECLARED_SELECTOR = YES;
				GCC_WARN_UNINITIALIZED_AUTOS = YES_AGGRESSIVE;
				GCC_WARN_UNUSED_FUNCTION = YES;
				GCC_WARN_UNUSED_VARIABLE = YES;
				IPHONEOS_DEPLOYMENT_TARGET = 10.3;
				MTL_ENABLE_DEBUG_INFO = YES;
				ONLY_ACTIVE_ARCH = YES;
				SDKROOT = iphoneos;
				SWIFT_ACTIVE_COMPILATION_CONDITIONS = DEBUG;
				SWIFT_OPTIMIZATION_LEVEL = "-Onone";
			};
			name = Debug;
		};
		C5F26D951F32ACDB00FE0A55 /* Release */ = {
			isa = XCBuildConfiguration;
			buildSettings = {
				ALWAYS_SEARCH_USER_PATHS = NO;
				CLANG_ANALYZER_NONNULL = YES;
				CLANG_ANALYZER_NUMBER_OBJECT_CONVERSION = YES_AGGRESSIVE;
				CLANG_CXX_LANGUAGE_STANDARD = "gnu++0x";
				CLANG_CXX_LIBRARY = "libc++";
				CLANG_ENABLE_MODULES = YES;
				CLANG_ENABLE_OBJC_ARC = YES;
				CLANG_WARN_BOOL_CONVERSION = YES;
				CLANG_WARN_CONSTANT_CONVERSION = YES;
				CLANG_WARN_DIRECT_OBJC_ISA_USAGE = YES_ERROR;
				CLANG_WARN_DOCUMENTATION_COMMENTS = YES;
				CLANG_WARN_EMPTY_BODY = YES;
				CLANG_WARN_ENUM_CONVERSION = YES;
				CLANG_WARN_INFINITE_RECURSION = YES;
				CLANG_WARN_INT_CONVERSION = YES;
				CLANG_WARN_OBJC_ROOT_CLASS = YES_ERROR;
				CLANG_WARN_SUSPICIOUS_MOVE = YES;
				CLANG_WARN_UNREACHABLE_CODE = YES;
				CLANG_WARN__DUPLICATE_METHOD_MATCH = YES;
				"CODE_SIGN_IDENTITY[sdk=iphoneos*]" = "iPhone Developer";
				COPY_PHASE_STRIP = NO;
				DEBUG_INFORMATION_FORMAT = "dwarf-with-dsym";
				ENABLE_NS_ASSERTIONS = NO;
				ENABLE_STRICT_OBJC_MSGSEND = YES;
				GCC_C_LANGUAGE_STANDARD = gnu99;
				GCC_NO_COMMON_BLOCKS = YES;
				GCC_WARN_64_TO_32_BIT_CONVERSION = YES;
				GCC_WARN_ABOUT_RETURN_TYPE = YES_ERROR;
				GCC_WARN_UNDECLARED_SELECTOR = YES;
				GCC_WARN_UNINITIALIZED_AUTOS = YES_AGGRESSIVE;
				GCC_WARN_UNUSED_FUNCTION = YES;
				GCC_WARN_UNUSED_VARIABLE = YES;
				IPHONEOS_DEPLOYMENT_TARGET = 10.3;
				MTL_ENABLE_DEBUG_INFO = NO;
				SDKROOT = iphoneos;
				SWIFT_OPTIMIZATION_LEVEL = "-Owholemodule";
				VALIDATE_PRODUCT = YES;
			};
			name = Release;
		};
		C5F26D971F32ACDB00FE0A55 /* Debug */ = {
			isa = XCBuildConfiguration;
			buildSettings = {
				ASSETCATALOG_COMPILER_APPICON_NAME = AppIcon;
				INFOPLIST_FILE = UIPractice2/Info.plist;
				LD_RUNPATH_SEARCH_PATHS = "$(inherited) @executable_path/Frameworks";
				PRODUCT_BUNDLE_IDENTIFIER = com.William.UIPractice2;
				PRODUCT_NAME = "$(TARGET_NAME)";
				SWIFT_VERSION = 3.0;
			};
			name = Debug;
		};
		C5F26D981F32ACDB00FE0A55 /* Release */ = {
			isa = XCBuildConfiguration;
			buildSettings = {
				ASSETCATALOG_COMPILER_APPICON_NAME = AppIcon;
				INFOPLIST_FILE = UIPractice2/Info.plist;
				LD_RUNPATH_SEARCH_PATHS = "$(inherited) @executable_path/Frameworks";
				PRODUCT_BUNDLE_IDENTIFIER = com.William.UIPractice2;
				PRODUCT_NAME = "$(TARGET_NAME)";
				SWIFT_VERSION = 3.0;
			};
			name = Release;
		};
/* End XCBuildConfiguration section */

/* Begin XCConfigurationList section */
		C5F26D7C1F32ACDA00FE0A55 /* Build configuration list for PBXProject "UIPractice2" */ = {
			isa = XCConfigurationList;
			buildConfigurations = (
				C5F26D941F32ACDB00FE0A55 /* Debug */,
				C5F26D951F32ACDB00FE0A55 /* Release */,
			);
			defaultConfigurationIsVisible = 0;
			defaultConfigurationName = Release;
		};
		C5F26D961F32ACDB00FE0A55 /* Build configuration list for PBXNativeTarget "UIPractice2" */ = {
			isa = XCConfigurationList;
			buildConfigurations = (
				C5F26D971F32ACDB00FE0A55 /* Debug */,
				C5F26D981F32ACDB00FE0A55 /* Release */,
			);
			defaultConfigurationIsVisible = 0;
		};
/* End XCConfigurationList section */

/* Begin XCVersionGroup section */
		C5F26D8B1F32ACDB00FE0A55 /* UIPractice2.xcdatamodeld */ = {
			isa = XCVersionGroup;
			children = (
				C5F26D8C1F32ACDB00FE0A55 /* UIPractice2.xcdatamodel */,
			);
			currentVersion = C5F26D8C1F32ACDB00FE0A55 /* UIPractice2.xcdatamodel */;
			path = UIPractice2.xcdatamodeld;
			sourceTree = "<group>";
			versionGroupType = wrapper.xcdatamodel;
		};
/* End XCVersionGroup section */
	};
	rootObject = C5F26D791F32ACDA00FE0A55 /* Project object */;
}
